Microsoft Visual Studio Solution File, Format Version 12.00
# Visual Studio Version 17
VisualStudioVersion = 17.5.2.0
MinimumVisualStudioVersion = 10.0.40219.1
Project("{FAE04EC0-301F-11D3-BF4B-00C04F79EFBC}") = "MiProyectoPortable", "MiProyectoPortable.csproj", "{D44DDEBF-2525-113A-900F-F14764E63211}"
EndProject
Global
	GlobalSection(SolutionConfigurationPlatforms) = preSolution
		Debug|Any CPU = Debug|Any CPU
		Release|Any CPU = Release|Any CPU
	EndGlobalSection
	GlobalSection(ProjectConfigurationPlatforms) = postSolution
		{D44DDEBF-2525-113A-900F-F14764E63211}.Debug|Any CPU.ActiveCfg = Debug|Any CPU
		{D44DDEBF-2525-113A-900F-F14764E63211}.Debug|Any CPU.Build.0 = Debug|Any CPU
		{D44DDEBF-2525-113A-900F-F14764E63211}.Release|Any CPU.ActiveCfg = Release|Any CPU
		{D44DDEBF-2525-113A-900F-F14764E63211}.Release|Any CPU.Build.0 = Release|Any CPU
	EndGlobalSection
	GlobalSection(SolutionProperties) = preSolution
		HideSolutionNode = FALSE
	EndGlobalSection
	GlobalSection(ExtensibilityGlobals) = postSolution
		SolutionGuid = {7A162B71-0AE7-4D5F-82E9-FDB06AFF9EFA}
	EndGlobalSection
EndGlobal
